
Microsoft Visual Studio Solution File, Format Version 12.00
# Visual Studio Version 17
VisualStudioVersion = 17.3.32922.545
MinimumVisualStudioVersion = 10.0.40219.1
Project("{9A19103F-16F7-4668-BE54-9A1E7A4F7556}") = "Deserters", "Deserters.csproj", "{5C853DA1-6169-4DD6-BC54-E4B9323787B2}"
EndProject
Global
	GlobalSection(SolutionConfigurationPlatforms) = preSolution
		Debug|x64 = Debug|x64
		Release|x64 = Release|x64
	EndGlobalSection
	GlobalSection(ProjectConfigurationPlatforms) = postSolution
		{5C853DA1-6169-4DD6-BC54-E4B9323787B2}.Debug|x64.ActiveCfg = Debug|x64
		{5C853DA1-6169-4DD6-BC54-E4B9323787B2}.Debug|x64.Build.0 = Debug|x64
		{5C853DA1-6169-4DD6-BC54-E4B9323787B2}.Release|x64.ActiveCfg = Release|x64
		{5C853DA1-6169-4DD6-BC54-E4B9323787B2}.Release|x64.Build.0 = Release|x64
	EndGlobalSection
	GlobalSection(SolutionProperties) = preSolution
		HideSolutionNode = FALSE
	EndGlobalSection
	GlobalSection(ExtensibilityGlobals) = postSolution
		SolutionGuid = {002C6E2F-1C7B-4253-8AEB-9340C36A2B4B}
	EndGlobalSection
EndGlobal
